
Microsoft Visual Studio Solution File, Format Version 12.00
# Visual Studio Version 17
VisualStudioVersion = 17.7.34003.232
MinimumVisualStudioVersion = 10.0.40219.1
Project("{FAE04EC0-301F-11D3-BF4B-00C04F79EFBC}") = "ConsoleApp3", "ConsoleApp3\ConsoleApp3.csproj", "{5C71FFDC-B0D3-49FC-AE1E-DE5BDEE711AE}"
EndProject
Project("{FAE04EC0-301F-11D3-BF4B-00C04F79EFBC}") = "ConsoleApp3Tests", "ConsoleApp3Tests\ConsoleApp3Tests.csproj", "{D85AC78B-4A9D-4781-A93B-7E18EA349D5B}"
EndProject
Global
	GlobalSection(SolutionConfigurationPlatforms) = preSolution
		Debug|Any CPU = Debug|Any CPU
		Release|Any CPU = Release|Any CPU
	EndGlobalSection
	GlobalSection(ProjectConfigurationPlatforms) = postSolution
		{5C71FFDC-B0D3-49FC-AE1E-DE5BDEE711AE}.Debug|Any CPU.ActiveCfg = Debug|Any CPU
		{5C71FFDC-B0D3-49FC-AE1E-DE5BDEE711AE}.Debug|Any CPU.Build.0 = Debug|Any CPU
		{5C71FFDC-B0D3-49FC-AE1E-DE5BDEE711AE}.Release|Any CPU.ActiveCfg = Release|Any CPU
		{5C71FFDC-B0D3-49FC-AE1E-DE5BDEE711AE}.Release|Any CPU.Build.0 = Release|Any CPU
		{D85AC78B-4A9D-4781-A93B-7E18EA349D5B}.Debug|Any CPU.ActiveCfg = Debug|Any CPU
		{D85AC78B-4A9D-4781-A93B-7E18EA349D5B}.Debug|Any CPU.Build.0 = Debug|Any CPU
		{D85AC78B-4A9D-4781-A93B-7E18EA349D5B}.Release|Any CPU.ActiveCfg = Release|Any CPU
		{D85AC78B-4A9D-4781-A93B-7E18EA349D5B}.Release|Any CPU.Build.0 = Release|Any CPU
	EndGlobalSection
	GlobalSection(SolutionProperties) = preSolution
		HideSolutionNode = FALSE
	EndGlobalSection
	GlobalSection(ExtensibilityGlobals) = postSolution
		SolutionGuid = {BAA9CFBB-A9A6-4C54-9E10-1B84213E1B5F}
	EndGlobalSection
EndGlobal
